
Microsoft Visual Studio Solution File, Format Version 12.00
# Visual Studio Version 16
VisualStudioVersion = 16.0.30907.101
MinimumVisualStudioVersion = 10.0.40219.1
Project("{8BC9CEB8-8B4A-11D0-8D11-00A0C91BC942}") = "Project7", "Project7\Project7.vcxproj", "{540C3DF5-62EF-44EA-9B37-80A99FC637B9}"
EndProject
Global
	GlobalSection(SolutionConfigurationPlatforms) = preSolution
		Debug|x64 = Debug|x64
		Debug|x86 = Debug|x86
		Release|x64 = Release|x64
		Release|x86 = Release|x86
	EndGlobalSection
	GlobalSection(ProjectConfigurationPlatforms) = postSolution
		{540C3DF5-62EF-44EA-9B37-80A99FC637B9}.Debug|x64.ActiveCfg = Debug|x64
		{540C3DF5-62EF-44EA-9B37-80A99FC637B9}.Debug|x64.Build.0 = Debug|x64
		{540C3DF5-62EF-44EA-9B37-80A99FC637B9}.Debug|x86.ActiveCfg = Debug|Win32
		{540C3DF5-62EF-44EA-9B37-80A99FC637B9}.Debug|x86.Build.0 = Debug|Win32
		{540C3DF5-62EF-44EA-9B37-80A99FC637B9}.Release|x64.ActiveCfg = Release|x64
		{540C3DF5-62EF-44EA-9B37-80A99FC637B9}.Release|x64.Build.0 = Release|x64
		{540C3DF5-62EF-44EA-9B37-80A99FC637B9}.Release|x86.ActiveCfg = Release|Win32
		{540C3DF5-62EF-44EA-9B37-80A99FC637B9}.Release|x86.Build.0 = Release|Win32
	EndGlobalSection
	GlobalSection(SolutionProperties) = preSolution
		HideSolutionNode = FALSE
	EndGlobalSection
	GlobalSection(ExtensibilityGlobals) = postSolution
		SolutionGuid = {E52AFC5B-597D-40AB-A487-467A2CD1930C}
	EndGlobalSection
EndGlobal
